{
  "nodes": {
    "flakeNimbleLib": {
      "inputs": {
        "nixpkgs": [
          "nixpkgs"
        ]
      },
      "locked": {
        "lastModified": 1662018438,
        "narHash": "sha256-QtNtU6+LX3Wokxf0zlFwKTFOcn6TeDjKQZ+DA9OYtvM=",
        "owner": "riinr",
        "repo": "nim-flakes-lib",
        "rev": "b1fe8340736e3a85d25c709ac3dfd82a55c03cbf",
        "type": "github"
      },
      "original": {
        "owner": "riinr",
        "ref": "master",
        "repo": "nim-flakes-lib",
        "type": "github"
      }
    },
    "nimkalc-main": {
      "inputs": {
        "flakeNimbleLib": [
          "flakeNimbleLib"
        ],
        "nixpkgs": [
          "nixpkgs"
        ],
        "src-nimkalc-main": "src-nimkalc-main"
      },
      "locked": {
        "dir": "main",
        "lastModified": 1662254663,
        "narHash": "sha256-17ZjyplOrwyn8lQ7Kyk31P8Lav63Gok2OcOS02sw3Wk=",
        "owner": "nim-nix-pkgs",
        "repo": "nimkalc",
        "rev": "2ee393ceaa3441d9c5404c2c441f944009dcae9b",
        "type": "github"
      },
      "original": {
        "dir": "main",
        "owner": "nim-nix-pkgs",
        "ref": "master",
        "repo": "nimkalc",
        "type": "github"
      }
    },
    "nimkalc-master": {
      "inputs": {
        "flakeNimbleLib": [
          "flakeNimbleLib"
        ],
        "nixpkgs": [
          "nixpkgs"
        ],
        "src-nimkalc-master": "src-nimkalc-master"
      },
      "locked": {
        "dir": "master",
        "lastModified": 1662254663,
        "narHash": "sha256-17ZjyplOrwyn8lQ7Kyk31P8Lav63Gok2OcOS02sw3Wk=",
        "owner": "nim-nix-pkgs",
        "repo": "nimkalc",
        "rev": "2ee393ceaa3441d9c5404c2c441f944009dcae9b",
        "type": "github"
      },
      "original": {
        "dir": "master",
        "owner": "nim-nix-pkgs",
        "ref": "master",
        "repo": "nimkalc",
        "type": "github"
      }
    },
    "nixpkgs": {
      "locked": {
        "lastModified": 1667110639,
        "narHash": "sha256-4FbPESZ5LbqQxkJJJBAfk/zKgF9h/4kyUwjjpJwYlbc=",
        "owner": "NixOS",
        "repo": "nixpkgs",
        "rev": "f38a1f04d1bec1feb61fd101a0539ae2002a7087",
        "type": "github"
      },
      "original": {
        "id": "nixpkgs",
        "type": "indirect"
      }
    },
    "root": {
      "inputs": {
        "flakeNimbleLib": "flakeNimbleLib",
        "nimkalc-main": "nimkalc-main",
        "nimkalc-master": "nimkalc-master",
        "nixpkgs": "nixpkgs"
      }
    },
    "src-nimkalc-main": {
      "flake": false,
      "locked": {
        "lastModified": 1646142927,
        "narHash": "sha256-JZmsEvlnR+ZjyvuA+Bu33271wgzBpY9DFarUbSWbjyE=",
        "owner": "nocturn9x",
        "repo": "nimkalc",
        "rev": "81e95feea4519fbaf382d749d60c2946fb9685bb",
        "type": "github"
      },
      "original": {
        "owner": "nocturn9x",
        "ref": "refs/heads/main",
        "repo": "nimkalc",
        "type": "github"
      }
    },
    "src-nimkalc-master": {
      "flake": false,
      "locked": {
        "lastModified": 1655891088,
        "narHash": "sha256-NHJ6V2V0W4KyOPb5nB0iNbRe3dttyZsIVISGYNEUiTM=",
        "owner": "nocturn9x",
        "repo": "nimkalc",
        "rev": "180a7ad956412e0a7eef391b92c4a576806592f2",
        "type": "github"
      },
      "original": {
        "owner": "nocturn9x",
        "ref": "refs/heads/master",
        "repo": "nimkalc",
        "type": "github"
      }
    }
  },
  "root": "root",
  "version": 7
}
